lockfileVersion: 5.3

specifiers:
  '@actions/core': ^1.5.0
  '@actions/github': ^5.0.0
  '@vercel/ncc': ^0.30.0
  args-parser: ^1.3.0
  node-fetch: ^3.0.0

dependencies:
  '@actions/core': registry.nlark.com/@actions/core/1.5.0
  '@actions/github': registry.nlark.com/@actions/github/5.0.0
  '@vercel/ncc': registry.nlark.com/@vercel/ncc/0.30.0
  args-parser: registry.nlark.com/args-parser/1.3.0
  node-fetch: registry.nlark.com/node-fetch/3.0.0

packages:

  /is-plain-object/5.0.0:
    resolution: {integrity: sha1-RCf1CrNCnpAl6n1S6QQ6nvQVk0Q=, tarball: is-plain-object/download/is-plain-object-5.0.0.tgz}
    engines: {node: '>=0.10.0'}
    dev: false

  /once/1.4.0:
    resolution: {integrity: sha1-WDsap3WWHUsROsF9nFC6753Xa9E=, tarball: once/download/once-1.4.0.tgz}
    dependencies:
      wrappy: registry.nlark.com/wrappy/1.0.2
    dev: false

  /tunnel/0.0.6:
    resolution: {integrity: sha1-cvExSzSlsZLbASMk3yzFh8pH+Sw=, tarball: tunnel/download/tunnel-0.0.6.tgz}
    engines: {node: '>=0.6.11 <=0.7.0 || >=0.7.3'}
    dev: false

  registry.nlark.com/@actions/core/1.5.0:
    resolution: {integrity: sha1-iFuGRwAAGhuab7okeDOgNuda2dM=, registry: https://registry.npm.taobao.org/, tarball: https://registry.nlark.com/@actions/core/download/@actions/core-1.5.0.tgz}
    name: '@actions/core'
    version: 1.5.0
    dev: false

  registry.nlark.com/@actions/github/5.0.0:
    resolution: {integrity: sha1-F1QSeXbFC9iLLpBfENIE120Ucvg=, registry: https://registry.npm.taobao.org/, tarball: https://registry.nlark.com/@actions/github/download/@actions/github-5.0.0.tgz}
    name: '@actions/github'
    version: 5.0.0
    dependencies:
      '@actions/http-client': registry.nlark.com/@actions/http-client/1.0.11
      '@octokit/core': registry.nlark.com/@octokit/core/3.5.1
      '@octokit/plugin-paginate-rest': registry.nlark.com/@octokit/plugin-paginate-rest/2.16.0_@octokit+core@3.5.1
      '@octokit/plugin-rest-endpoint-methods': registry.nlark.com/@octokit/plugin-rest-endpoint-methods/5.9.0_@octokit+core@3.5.1
    dev: false

  registry.nlark.com/@actions/http-client/1.0.11:
    resolution: {integrity: sha1-xYsS6aqLFZ7jnn3Wy9DpHZBWM8A=, registry: https://registry.npm.taobao.org/, tarball: https://registry.nlark.com/@actions/http-client/download/@actions/http-client-1.0.11.tgz}
    name: '@actions/http-client'
    version: 1.0.11
    dependencies:
      tunnel: 0.0.6
    dev: false

  registry.nlark.com/@octokit/auth-token/2.4.5:
    resolution: {integrity: sha1-VozPuMtG82RB+sCUzjT3qHWxl/M=, registry: https://registry.npm.taobao.org/, tarball: https://registry.nlark.com/@octokit/auth-token/download/@octokit/auth-token-2.4.5.tgz}
    name: '@octokit/auth-token'
    version: 2.4.5
    dependencies:
      '@octokit/types': registry.nlark.com/@octokit/types/6.26.0
    dev: false

  registry.nlark.com/@octokit/core/3.5.1:
    resolution: {integrity: sha1-hgHO6x7A4bG4IXuWCkE+2OlHgJs=, registry: https://registry.npm.taobao.org/, tarball: https://registry.nlark.com/@octokit/core/download/@octokit/core-3.5.1.tgz}
    name: '@octokit/core'
    version: 3.5.1
    dependencies:
      '@octokit/auth-token': registry.nlark.com/@octokit/auth-token/2.4.5
      '@octokit/graphql': registry.nlark.com/@octokit/graphql/4.8.0
      '@octokit/request': registry.nlark.com/@octokit/request/5.6.1
      '@octokit/request-error': registry.nlark.com/@octokit/request-error/2.1.0
      '@octokit/types': registry.nlark.com/@octokit/types/6.26.0
      before-after-hook: registry.nlark.com/before-after-hook/2.2.2
      universal-user-agent: registry.nlark.com/universal-user-agent/6.0.0
    dev: false

  registry.nlark.com/@octokit/endpoint/6.0.12:
    resolution: {integrity: sha1-O01HpLDnmxAn+4111CIZKLLQVlg=, registry: https://registry.npm.taobao.org/, tarball: https://registry.nlark.com/@octokit/endpoint/download/@octokit/endpoint-6.0.12.tgz}
    name: '@octokit/endpoint'
    version: 6.0.12
    dependencies:
      '@octokit/types': registry.nlark.com/@octokit/types/6.26.0
      is-plain-object: 5.0.0
      universal-user-agent: registry.nlark.com/universal-user-agent/6.0.0
    dev: false

  registry.nlark.com/@octokit/graphql/4.8.0:
    resolution: {integrity: sha1-Zk2bEcDhIRLL944Q9JoFlZqiLMM=, registry: https://registry.npm.taobao.org/, tarball: https://registry.nlark.com/@octokit/graphql/download/@octokit/graphql-4.8.0.tgz}
    name: '@octokit/graphql'
    version: 4.8.0
    dependencies:
      '@octokit/request': registry.nlark.com/@octokit/request/5.6.1
      '@octokit/types': registry.nlark.com/@octokit/types/6.26.0
      universal-user-agent: registry.nlark.com/universal-user-agent/6.0.0
    dev: false

  registry.nlark.com/@octokit/openapi-types/10.0.0:
    resolution: {integrity: sha1-20M13plQkCH1AfxOAm5v9JX+HmI=, registry: https://registry.npm.taobao.org/, tarball: https://registry.nlark.com/@octokit/openapi-types/download/@octokit/openapi-types-10.0.0.tgz}
    name: '@octokit/openapi-types'
    version: 10.0.0
    dev: false

  registry.nlark.com/@octokit/plugin-paginate-rest/2.16.0_@octokit+core@3.5.1:
    resolution: {integrity: sha1-CdvaLl+8oCLjzfdrY2GPezV8nww=, registry: https://registry.npm.taobao.org/, tarball: https://registry.nlark.com/@octokit/plugin-paginate-rest/download/@octokit/plugin-paginate-rest-2.16.0.tgz}
    id: registry.nlark.com/@octokit/plugin-paginate-rest/2.16.0
    name: '@octokit/plugin-paginate-rest'
    version: 2.16.0
    peerDependencies:
      '@octokit/core': '>=2'
    dependencies:
      '@octokit/core': registry.nlark.com/@octokit/core/3.5.1
      '@octokit/types': registry.nlark.com/@octokit/types/6.26.0
    dev: false

  registry.nlark.com/@octokit/plugin-rest-endpoint-methods/5.9.0_@octokit+core@3.5.1:
    resolution: {integrity: sha1-+afYQR5+TkmmX8lbXMI8+WvwXh8=, registry: https://registry.npm.taobao.org/, tarball: https://registry.nlark.com/@octokit/plugin-rest-endpoint-methods/download/@octokit/plugin-rest-endpoint-methods-5.9.0.tgz}
    id: registry.nlark.com/@octokit/plugin-rest-endpoint-methods/5.9.0
    name: '@octokit/plugin-rest-endpoint-methods'
    version: 5.9.0
    peerDependencies:
      '@octokit/core': '>=3'
    dependencies:
      '@octokit/core': registry.nlark.com/@octokit/core/3.5.1
      '@octokit/types': registry.nlark.com/@octokit/types/6.26.0
      deprecation: registry.nlark.com/deprecation/2.3.1
    dev: false

  registry.nlark.com/@octokit/request-error/2.1.0:
    resolution: {integrity: sha1-nhUDV4Mb/HiNE6T9SxkT1gx01nc=, registry: https://registry.npm.taobao.org/, tarball: https://registry.nlark.com/@octokit/request-error/download/@octokit/request-error-2.1.0.tgz}
    name: '@octokit/request-error'
    version: 2.1.0
    dependencies:
      '@octokit/types': registry.nlark.com/@octokit/types/6.26.0
      deprecation: registry.nlark.com/deprecation/2.3.1
      once: 1.4.0
    dev: false

  registry.nlark.com/@octokit/request/5.6.1:
    resolution: {integrity: sha1-+Xr/B1w3qx1CfEkIL+/u8Nui2M4=, registry: https://registry.npm.taobao.org/, tarball: https://registry.nlark.com/@octokit/request/download/@octokit/request-5.6.1.tgz}
    name: '@octokit/request'
    version: 5.6.1
    dependencies:
      '@octokit/endpoint': registry.nlark.com/@octokit/endpoint/6.0.12
      '@octokit/request-error': registry.nlark.com/@octokit/request-error/2.1.0
      '@octokit/types': registry.nlark.com/@octokit/types/6.26.0
      is-plain-object: 5.0.0
      node-fetch: registry.nlark.com/node-fetch/2.6.1
      universal-user-agent: registry.nlark.com/universal-user-agent/6.0.0
    dev: false

  registry.nlark.com/@octokit/types/6.26.0:
    resolution: {integrity: sha1-uK8phIXQZK2UJMtBUgVBwb+CA0Y=, registry: https://registry.npm.taobao.org/, tarball: https://registry.nlark.com/@octokit/types/download/@octokit/types-6.26.0.tgz}
    name: '@octokit/types'
    version: 6.26.0
    dependencies:
      '@octokit/openapi-types': registry.nlark.com/@octokit/openapi-types/10.0.0
    dev: false

  registry.nlark.com/@vercel/ncc/0.30.0:
    resolution: {integrity: sha1-6UD1z+MN/Qt7MMTX+fbwD891RXc=, registry: https://registry.npm.taobao.org/, tarball: https://registry.nlark.com/@vercel/ncc/download/@vercel/ncc-0.30.0.tgz}
    name: '@vercel/ncc'
    version: 0.30.0
    hasBin: true
    dev: false

  registry.nlark.com/args-parser/1.3.0:
    resolution: {integrity: sha1-xSKA56RU3wD/Nbw3q3z7VD8o0wQ=, registry: https://registry.npm.taobao.org/, tarball: https://registry.nlark.com/args-parser/download/args-parser-1.3.0.tgz}
    name: args-parser
    version: 1.3.0
    dev: false

  registry.nlark.com/before-after-hook/2.2.2:
    resolution: {integrity: sha1-pujKQQKNkO4sJCIvIByQlWCRYT4=, registry: https://registry.npm.taobao.org/, tarball: https://registry.nlark.com/before-after-hook/download/before-after-hook-2.2.2.tgz}
    name: before-after-hook
    version: 2.2.2
    dev: false

  registry.nlark.com/data-uri-to-buffer/3.0.1:
    resolution: {integrity: sha1-WUuJc5OMW8LDMEZTV4U0GrxPNjY=, registry: https://registry.npm.taobao.org/, tarball: https://registry.nlark.com/data-uri-to-buffer/download/data-uri-to-buffer-3.0.1.tgz}
    name: data-uri-to-buffer
    version: 3.0.1
    engines: {node: '>= 6'}
    dev: false

  registry.nlark.com/deprecation/2.3.1:
    resolution: {integrity: sha1-Y2jL20Cr8zc7UlrIfkomDDpwCRk=, registry: https://registry.npm.taobao.org/, tarball: https://registry.nlark.com/deprecation/download/deprecation-2.3.1.tgz}
    name: deprecation
    version: 2.3.1
    dev: false

  registry.nlark.com/fetch-blob/3.1.2:
    resolution: {integrity: sha1-a8Q4Z184UezqUXWKyR9qHNG6yr0=, registry: https://registry.npm.taobao.org/, tarball: https://registry.nlark.com/fetch-blob/download/fetch-blob-3.1.2.tgz}
    name: fetch-blob
    version: 3.1.2
    engines: {node: ^12.20 || >= 14.13}
    dependencies:
      web-streams-polyfill: registry.nlark.com/web-streams-polyfill/3.1.0
    dev: false

  registry.nlark.com/node-fetch/2.6.1:
    resolution: {integrity: sha1-BFvTI2Mfdu0uK1VXM5RBa2OaAFI=, registry: https://registry.npm.taobao.org/, tarball: https://registry.nlark.com/node-fetch/download/node-fetch-2.6.1.tgz?cache=0&sync_timestamp=1630427561507&other_urls=https%3A%2F%2Fregistry.nlark.com%2Fnode-fetch%2Fdownload%2Fnode-fetch-2.6.1.tgz}
    name: node-fetch
    version: 2.6.1
    engines: {node: 4.x || >=6.0.0}
    dev: false

  registry.nlark.com/node-fetch/3.0.0:
    resolution: {integrity: sha1-edpxRqUgA28sX2ROSiYJXxfkEeo=, registry: https://registry.npm.taobao.org/, tarball: https://registry.nlark.com/node-fetch/download/node-fetch-3.0.0.tgz?cache=0&sync_timestamp=1630427561507&other_urls=https%3A%2F%2Fregistry.nlark.com%2Fnode-fetch%2Fdownload%2Fnode-fetch-3.0.0.tgz}
    name: node-fetch
    version: 3.0.0
    engines: {node: ^12.20.0 || ^14.13.1 || >=16.0.0}
    dependencies:
      data-uri-to-buffer: registry.nlark.com/data-uri-to-buffer/3.0.1
      fetch-blob: registry.nlark.com/fetch-blob/3.1.2
    dev: false

  registry.nlark.com/universal-user-agent/6.0.0:
    resolution: {integrity: sha1-M4H4UDslHA2c0hvB3pOeyd9UgO4=, registry: https://registry.npm.taobao.org/, tarball: https://registry.nlark.com/universal-user-agent/download/universal-user-agent-6.0.0.tgz}
    name: universal-user-agent
    version: 6.0.0
    dev: false

  registry.nlark.com/web-streams-polyfill/3.1.0:
    resolution: {integrity: sha1-hvmDtPRHRVArDYVj2e86/GCdRGU=, registry: https://registry.npm.taobao.org/, tarball: https://registry.nlark.com/web-streams-polyfill/download/web-streams-polyfill-3.1.0.tgz}
    name: web-streams-polyfill
    version: 3.1.0
    engines: {node: '>= 8'}
    dev: false

  registry.nlark.com/wrappy/1.0.2:
    resolution: {integrity: sha1-tSQ9jz7BqjXxNkYFvA0QNuMKtp8=, registry: https://registry.npm.taobao.org/, tarball: https://registry.nlark.com/wrappy/download/wrappy-1.0.2.tgz}
    name: wrappy
    version: 1.0.2
    dev: false
